
Microsoft Visual Studio Solution File, Format Version 12.00
# RemObjects Water
Project("{656346D9-4656-40DA-A068-22D5425D4639}") = "libpq-Windows", "libpq-Windows.elements", "{EEE0A83D-DF16-4915-B8AF-EC678E65CEAF}"
EndProject
Global
	GlobalSection(SolutionConfigurationPlatforms) = preSolution
		Debug|AnyCPU = Debug|AnyCPU
		Release|AnyCPU = Release|AnyCPU
	EndGlobalSection
	GlobalSection(ProjectConfigurationPlatforms) = postSolution
		{EEE0A83D-DF16-4915-B8AF-EC678E65CEAF}.Debug|AnyCPU.ActiveCfg = Debug|AnyCPU
		{EEE0A83D-DF16-4915-B8AF-EC678E65CEAF}.Debug|AnyCPU.Build.0 = Debug|AnyCPU
		{EEE0A83D-DF16-4915-B8AF-EC678E65CEAF}.Release|AnyCPU.ActiveCfg = Release|AnyCPU
		{EEE0A83D-DF16-4915-B8AF-EC678E65CEAF}.Release|AnyCPU.Build.0 = Release|AnyCPU
	EndGlobalSection
	GlobalSection(SolutionProperties) = preSolution
		HideSolutionNode = FALSE
	EndGlobalSection
EndGlobal